
Microsoft Visual Studio Solution File, Format Version 12.00
# Visual Studio Version 17
VisualStudioVersion = 17.5.33516.290
MinimumVisualStudioVersion = 10.0.40219.1
Project("{FAE04EC0-301F-11D3-BF4B-00C04F79EFBC}") = "Clases_Interfaces", "Clases_Interfaces.csproj", "{DEC99B04-2A5A-4D6C-8B12-3F9EEE140819}"
EndProject
Global
	GlobalSection(SolutionConfigurationPlatforms) = preSolution
		Debug|Any CPU = Debug|Any CPU
		Release|Any CPU = Release|Any CPU
	EndGlobalSection
	GlobalSection(ProjectConfigurationPlatforms) = postSolution
		{DEC99B04-2A5A-4D6C-8B12-3F9EEE140819}.Debug|Any CPU.ActiveCfg = Debug|Any CPU
		{DEC99B04-2A5A-4D6C-8B12-3F9EEE140819}.Debug|Any CPU.Build.0 = Debug|Any CPU
		{DEC99B04-2A5A-4D6C-8B12-3F9EEE140819}.Release|Any CPU.ActiveCfg = Release|Any CPU
		{DEC99B04-2A5A-4D6C-8B12-3F9EEE140819}.Release|Any CPU.Build.0 = Release|Any CPU
	EndGlobalSection
	GlobalSection(SolutionProperties) = preSolution
		HideSolutionNode = FALSE
	EndGlobalSection
	GlobalSection(ExtensibilityGlobals) = postSolution
		SolutionGuid = {C3BC9532-08E3-443A-BF9B-DB3DAC3A612E}
	EndGlobalSection
EndGlobal
